// !$*UTF8*$!
{
	archiveVersion = 1;
	classes = {
	};
	objectVersion = 77;
	objects = {

/* Begin PBXContainerItemProxy section */
		E6EA6BBF2D9FDD93000BFA02 /* PBXContainerItemProxy */ = {
			isa = PBXContainerItemProxy;
			containerPortal = E6EA6BA62D9FDD90000BFA02 /* Project object */;
			proxyType = 1;
			remoteGlobalIDString = E6EA6BAD2D9FDD90000BFA02;
			remoteInfo = MySwiftTestingProjectTwo;
		};
		E6EA6BC92D9FDD93000BFA02 /* PBXContainerItemProxy */ = {
			isa = PBXContainerItemProxy;
			containerPortal = E6EA6BA62D9FDD90000BFA02 /* Project object */;
			proxyType = 1;
			remoteGlobalIDString = E6EA6BAD2D9FDD90000BFA02;
			remoteInfo = MySwiftTestingProjectTwo;
		};
/* End PBXContainerItemProxy section */

/* Begin PBXFileReference section */
		E6EA6BAE2D9FDD90000BFA02 /* MySwiftTestingProjectTwo.app */ = {isa = PBXFileReference; explicitFileType = wrapper.application; includeInIndex = 0; path = MySwiftTestingProjectTwo.app; sourceTree = BUILT_PRODUCTS_DIR; };
		E6EA6BBE2D9FDD93000BFA02 /* MySwiftTestingProjectTwoTests.xctest */ = {isa = PBXFileReference; explicitFileType = wrapper.cfbundle; includeInIndex = 0; path = MySwiftTestingProjectTwoTests.xctest; sourceTree = BUILT_PRODUCTS_DIR; };
		E6EA6BC82D9FDD93000BFA02 /* MySwiftTestingProjectTwoUITests.xctest */ = {isa = PBXFileReference; explicitFileType = wrapper.cfbundle; includeInIndex = 0; path = MySwiftTestingProjectTwoUITests.xctest; sourceTree = BUILT_PRODUCTS_DIR; };
/* End PBXFileReference section */

/* Begin PBXFileSystemSynchronizedRootGroup section */
		E6EA6BB02D9FDD90000BFA02 /* MySwiftTestingProjectTwo */ = {
			isa = PBXFileSystemSynchronizedRootGroup;
			path = MySwiftTestingProjectTwo;
			sourceTree = "<group>";
		};
		E6EA6BC12D9FDD93000BFA02 /* MySwiftTestingProjectTwoTests */ = {
			isa = PBXFileSystemSynchronizedRootGroup;
			path = MySwiftTestingProjectTwoTests;
			sourceTree = "<group>";
		};
		E6EA6BCB2D9FDD93000BFA02 /* MySwiftTestingProjectTwoUITests */ = {
			isa = PBXFileSystemSynchronizedRootGroup;
			path = MySwiftTestingProjectTwoUITests;
			sourceTree = "<group>";
		};
/* End PBXFileSystemSynchronizedRootGroup section */

/* Begin PBXFrameworksBuildPhase section */
		E6EA6BAB2D9FDD90000BFA02 /* Frameworks */ = {
			isa = PBXFrameworksBuildPhase;
			buildActionMask = 2147483647;
			files = (
			);
			runOnlyForDeploymentPostprocessing = 0;
		};
		E6EA6BBB2D9FDD93000BFA02 /* Frameworks */ = {
			isa = PBXFrameworksBuildPhase;
			buildActionMask = 2147483647;
			files = (
			);
			runOnlyForDeploymentPostprocessing = 0;
		};
		E6EA6BC52D9FDD93000BFA02 /* Frameworks */ = {
			isa = PBXFrameworksBuildPhase;
			buildActionMask = 2147483647;
			files = (
			);
			runOnlyForDeploymentPostprocessing = 0;
		};
/* End PBXFrameworksBuildPhase section */

/* Begin PBXGroup section */
		E6EA6BA52D9FDD90000BFA02 = {
			isa = PBXGroup;
			children = (
				E6EA6BB02D9FDD90000BFA02 /* MySwiftTestingProjectTwo */,
				E6EA6BC12D9FDD93000BFA02 /* MySwiftTestingProjectTwoTests */,
				E6EA6BCB2D9FDD93000BFA02 /* MySwiftTestingProjectTwoUITests */,
				E6EA6BAF2D9FDD90000BFA02 /* Products */,
			);
			sourceTree = "<group>";
		};
		E6EA6BAF2D9FDD90000BFA02 /* Products */ = {
			isa = PBXGroup;
			children = (
				E6EA6BAE2D9FDD90000BFA02 /* MySwiftTestingProjectTwo.app */,
				E6EA6BBE2D9FDD93000BFA02 /* MySwiftTestingProjectTwoTests.xctest */,
				E6EA6BC82D9FDD93000BFA02 /* MySwiftTestingProjectTwoUITests.xctest */,
			);
			name = Products;
			sourceTree = "<group>";
		};
/* End PBXGroup section */

/* Begin PBXNativeTarget section */
		E6EA6BAD2D9FDD90000BFA02 /* MySwiftTestingProjectTwo */ = {
			isa = PBXNativeTarget;
			buildConfigurationList = E6EA6BD22D9FDD93000BFA02 /* Build configuration list for PBXNativeTarget "MySwiftTestingProjectTwo" */;
			buildPhases = (
				E6EA6BAA2D9FDD90000BFA02 /* Sources */,
				E6EA6BAB2D9FDD90000BFA02 /* Frameworks */,
				E6EA6BAC2D9FDD90000BFA02 /* Resources */,
			);
			buildRules = (
			);
			dependencies = (
			);
			fileSystemSynchronizedGroups = (
				E6EA6BB02D9FDD90000BFA02 /* MySwiftTestingProjectTwo */,
			);
			name = MySwiftTestingProjectTwo;
			packageProductDependencies = (
			);
			productName = MySwiftTestingProjectTwo;
			productReference = E6EA6BAE2D9FDD90000BFA02 /* MySwiftTestingProjectTwo.app */;
			productType = "com.apple.product-type.application";
		};
		E6EA6BBD2D9FDD93000BFA02 /* MySwiftTestingProjectTwoTests */ = {
			isa = PBXNativeTarget;
			buildConfigurationList = E6EA6BD52D9FDD93000BFA02 /* Build configuration list for PBXNativeTarget "MySwiftTestingProjectTwoTests" */;
			buildPhases = (
				E6EA6BBA2D9FDD93000BFA02 /* Sources */,
				E6EA6BBB2D9FDD93000BFA02 /* Frameworks */,
				E6EA6BBC2D9FDD93000BFA02 /* Resources */,
			);
			buildRules = (
			);
			dependencies = (
				E6EA6BC02D9FDD93000BFA02 /* PBXTargetDependency */,
			);
			fileSystemSynchronizedGroups = (
				E6EA6BC12D9FDD93000BFA02 /* MySwiftTestingProjectTwoTests */,
			);
			name = MySwiftTestingProjectTwoTests;
			packageProductDependencies = (
			);
			productName = MySwiftTestingProjectTwoTests;
			productReference = E6EA6BBE2D9FDD93000BFA02 /* MySwiftTestingProjectTwoTests.xctest */;
			productType = "com.apple.product-type.bundle.unit-test";
		};
		E6EA6BC72D9FDD93000BFA02 /* MySwiftTestingProjectTwoUITests */ = {
			isa = PBXNativeTarget;
			buildConfigurationList = E6EA6BD82D9FDD93000BFA02 /* Build configuration list for PBXNativeTarget "MySwiftTestingProjectTwoUITests" */;
			buildPhases = (
				E6EA6BC42D9FDD93000BFA02 /* Sources */,
				E6EA6BC52D9FDD93000BFA02 /* Frameworks */,
				E6EA6BC62D9FDD93000BFA02 /* Resources */,
			);
			buildRules = (
			);
			dependencies = (
				E6EA6BCA2D9FDD93000BFA02 /* PBXTargetDependency */,
			);
			fileSystemSynchronizedGroups = (
				E6EA6BCB2D9FDD93000BFA02 /* MySwiftTestingProjectTwoUITests */,
			);
			name = MySwiftTestingProjectTwoUITests;
			packageProductDependencies = (
			);
			productName = MySwiftTestingProjectTwoUITests;
			productReference = E6EA6BC82D9FDD93000BFA02 /* MySwiftTestingProjectTwoUITests.xctest */;
			productType = "com.apple.product-type.bundle.ui-testing";
		};
/* End PBXNativeTarget section */

/* Begin PBXProject section */
		E6EA6BA62D9FDD90000BFA02 /* Project object */ = {
			isa = PBXProject;
			attributes = {
				BuildIndependentTargetsInParallel = 1;
				LastSwiftUpdateCheck = 1610;
				LastUpgradeCheck = 1610;
				TargetAttributes = {
					E6EA6BAD2D9FDD90000BFA02 = {
						CreatedOnToolsVersion = 16.1;
					};
					E6EA6BBD2D9FDD93000BFA02 = {
						CreatedOnToolsVersion = 16.1;
						TestTargetID = E6EA6BAD2D9FDD90000BFA02;
					};
					E6EA6BC72D9FDD93000BFA02 = {
						CreatedOnToolsVersion = 16.1;
						TestTargetID = E6EA6BAD2D9FDD90000BFA02;
					};
				};
			};
			buildConfigurationList = E6EA6BA92D9FDD90000BFA02 /* Build configuration list for PBXProject "MySwiftTestingProjectTwo" */;
			developmentRegion = en;
			hasScannedForEncodings = 0;
			knownRegions = (
				en,
				Base,
			);
			mainGroup = E6EA6BA52D9FDD90000BFA02;
			minimizedProjectReferenceProxies = 1;
			preferredProjectObjectVersion = 77;
			productRefGroup = E6EA6BAF2D9FDD90000BFA02 /* Products */;
			projectDirPath = "";
			projectRoot = "";
			targets = (
				E6EA6BAD2D9FDD90000BFA02 /* MySwiftTestingProjectTwo */,
				E6EA6BBD2D9FDD93000BFA02 /* MySwiftTestingProjectTwoTests */,
				E6EA6BC72D9FDD93000BFA02 /* MySwiftTestingProjectTwoUITests */,
			);
		};
/* End PBXProject section */

/* Begin PBXResourcesBuildPhase section */
		E6EA6BAC2D9FDD90000BFA02 /* Resources */ = {
			isa = PBXResourcesBuildPhase;
			buildActionMask = 2147483647;
			files = (
			);
			runOnlyForDeploymentPostprocessing = 0;
		};
		E6EA6BBC2D9FDD93000BFA02 /* Resources */ = {
			isa = PBXResourcesBuildPhase;
			buildActionMask = 2147483647;
			files = (
			);
			runOnlyForDeploymentPostprocessing = 0;
		};
		E6EA6BC62D9FDD93000BFA02 /* Resources */ = {
			isa = PBXResourcesBuildPhase;
			buildActionMask = 2147483647;
			files = (
			);
			runOnlyForDeploymentPostprocessing = 0;
		};
/* End PBXResourcesBuildPhase section */

/* Begin PBXSourcesBuildPhase section */
		E6EA6BAA2D9FDD90000BFA02 /* Sources */ = {
			isa = PBXSourcesBuildPhase;
			buildActionMask = 2147483647;
			files = (
			);
			runOnlyForDeploymentPostprocessing = 0;
		};
		E6EA6BBA2D9FDD93000BFA02 /* Sources */ = {
			isa = PBXSourcesBuildPhase;
			buildActionMask = 2147483647;
			files = (
			);
			runOnlyForDeploymentPostprocessing = 0;
		};
		E6EA6BC42D9FDD93000BFA02 /* Sources */ = {
			isa = PBXSourcesBuildPhase;
			buildActionMask = 2147483647;
			files = (
			);
			runOnlyForDeploymentPostprocessing = 0;
		};
/* End PBXSourcesBuildPhase section */

/* Begin PBXTargetDependency section */
		E6EA6BC02D9FDD93000BFA02 /* PBXTargetDependency */ = {
			isa = PBXTargetDependency;
			target = E6EA6BAD2D9FDD90000BFA02 /* MySwiftTestingProjectTwo */;
			targetProxy = E6EA6BBF2D9FDD93000BFA02 /* PBXContainerItemProxy */;
		};
		E6EA6BCA2D9FDD93000BFA02 /* PBXTargetDependency */ = {
			isa = PBXTargetDependency;
			target = E6EA6BAD2D9FDD90000BFA02 /* MySwiftTestingProjectTwo */;
			targetProxy = E6EA6BC92D9FDD93000BFA02 /* PBXContainerItemProxy */;
		};
/* End PBXTargetDependency section */

/* Begin XCBuildConfiguration section */
		E6EA6BD02D9FDD93000BFA02 /* Debug */ = {
			isa = XCBuildConfiguration;
			buildSettings = {
				ALWAYS_SEARCH_USER_PATHS = NO;
				ASSETCATALOG_COMPILER_GENERATE_SWIFT_ASSET_SYMBOL_EXTENSIONS = YES;
				CLANG_ANALYZER_NONNULL = YES;
				CLANG_ANALYZER_NUMBER_OBJECT_CONVERSION = YES_AGGRESSIVE;
				CLANG_CXX_LANGUAGE_STANDARD = "gnu++20";
				CLANG_ENABLE_MODULES = YES;
				CLANG_ENABLE_OBJC_ARC = YES;
				CLANG_ENABLE_OBJC_WEAK = YES;
				CLANG_WARN_BLOCK_CAPTURE_AUTORELEASING = YES;
				CLANG_WARN_BOOL_CONVERSION = YES;
				CLANG_WARN_COMMA = YES;
				CLANG_WARN_CONSTANT_CONVERSION = YES;
				CLANG_WARN_DEPRECATED_OBJC_IMPLEMENTATIONS = YES;
				CLANG_WARN_DIRECT_OBJC_ISA_USAGE = YES_ERROR;
				CLANG_WARN_DOCUMENTATION_COMMENTS = YES;
				CLANG_WARN_EMPTY_BODY = YES;
				CLANG_WARN_ENUM_CONVERSION = YES;
				CLANG_WARN_INFINITE_RECURSION = YES;
				CLANG_WARN_INT_CONVERSION = YES;
				CLANG_WARN_NON_LITERAL_NULL_CONVERSION = YES;
				CLANG_WARN_OBJC_IMPLICIT_RETAIN_SELF = YES;
				CLANG_WARN_OBJC_LITERAL_CONVERSION = YES;
				CLANG_WARN_OBJC_ROOT_CLASS = YES_ERROR;
				CLANG_WARN_QUOTED_INCLUDE_IN_FRAMEWORK_HEADER = YES;
				CLANG_WARN_RANGE_LOOP_ANALYSIS = YES;
				CLANG_WARN_STRICT_PROTOTYPES = YES;
				CLANG_WARN_SUSPICIOUS_MOVE = YES;
				CLANG_WARN_UNGUARDED_AVAILABILITY = YES_AGGRESSIVE;
				CLANG_WARN_UNREACHABLE_CODE = YES;
				CLANG_WARN__DUPLICATE_METHOD_MATCH = YES;
				COPY_PHASE_STRIP = NO;
				DEBUG_INFORMATION_FORMAT = dwarf;
				ENABLE_STRICT_OBJC_MSGSEND = YES;
				ENABLE_TESTABILITY = YES;
				ENABLE_USER_SCRIPT_SANDBOXING = YES;
				GCC_C_LANGUAGE_STANDARD = gnu17;
				GCC_DYNAMIC_NO_PIC = NO;
				GCC_NO_COMMON_BLOCKS = YES;
				GCC_OPTIMIZATION_LEVEL = 0;
				GCC_PREPROCESSOR_DEFINITIONS = (
					"DEBUG=1",
					"$(inherited)",
				);
				GCC_WARN_64_TO_32_BIT_CONVERSION = YES;
				GCC_WARN_ABOUT_RETURN_TYPE = YES_ERROR;
				GCC_WARN_UNDECLARED_SELECTOR = YES;
				GCC_WARN_UNINITIALIZED_AUTOS = YES_AGGRESSIVE;
				GCC_WARN_UNUSED_FUNCTION = YES;
				GCC_WARN_UNUSED_VARIABLE = YES;
				IPHONEOS_DEPLOYMENT_TARGET = 18.1;
				LOCALIZATION_PREFERS_STRING_CATALOGS = YES;
				MTL_ENABLE_DEBUG_INFO = INCLUDE_SOURCE;
				MTL_FAST_MATH = YES;
				ONLY_ACTIVE_ARCH = YES;
				SDKROOT = iphoneos;
				SWIFT_ACTIVE_COMPILATION_CONDITIONS = "DEBUG $(inherited)";
				SWIFT_OPTIMIZATION_LEVEL = "-Onone";
			};
			name = Debug;
		};
		E6EA6BD12D9FDD93000BFA02 /* Release */ = {
			isa = XCBuildConfiguration;
			buildSettings = {
				ALWAYS_SEARCH_USER_PATHS = NO;
				ASSETCATALOG_COMPILER_GENERATE_SWIFT_ASSET_SYMBOL_EXTENSIONS = YES;
				CLANG_ANALYZER_NONNULL = YES;
				CLANG_ANALYZER_NUMBER_OBJECT_CONVERSION = YES_AGGRESSIVE;
				CLANG_CXX_LANGUAGE_STANDARD = "gnu++20";
				CLANG_ENABLE_MODULES = YES;
				CLANG_ENABLE_OBJC_ARC = YES;
				CLANG_ENABLE_OBJC_WEAK = YES;
				CLANG_WARN_BLOCK_CAPTURE_AUTORELEASING = YES;
				CLANG_WARN_BOOL_CONVERSION = YES;
				CLANG_WARN_COMMA = YES;
				CLANG_WARN_CONSTANT_CONVERSION = YES;
				CLANG_WARN_DEPRECATED_OBJC_IMPLEMENTATIONS = YES;
				CLANG_WARN_DIRECT_OBJC_ISA_USAGE = YES_ERROR;
				CLANG_WARN_DOCUMENTATION_COMMENTS = YES;
				CLANG_WARN_EMPTY_BODY = YES;
				CLANG_WARN_ENUM_CONVERSION = YES;
				CLANG_WARN_INFINITE_RECURSION = YES;
				CLANG_WARN_INT_CONVERSION = YES;
				CLANG_WARN_NON_LITERAL_NULL_CONVERSION = YES;
				CLANG_WARN_OBJC_IMPLICIT_RETAIN_SELF = YES;
				CLANG_WARN_OBJC_LITERAL_CONVERSION = YES;
				CLANG_WARN_OBJC_ROOT_CLASS = YES_ERROR;
				CLANG_WARN_QUOTED_INCLUDE_IN_FRAMEWORK_HEADER = YES;
				CLANG_WARN_RANGE_LOOP_ANALYSIS = YES;
				CLANG_WARN_STRICT_PROTOTYPES = YES;
				CLANG_WARN_SUSPICIOUS_MOVE = YES;
				CLANG_WARN_UNGUARDED_AVAILABILITY = YES_AGGRESSIVE;
				CLANG_WARN_UNREACHABLE_CODE = YES;
				CLANG_WARN__DUPLICATE_METHOD_MATCH = YES;
				COPY_PHASE_STRIP = NO;
				DEBUG_INFORMATION_FORMAT = "dwarf-with-dsym";
				ENABLE_NS_ASSERTIONS = NO;
				ENABLE_STRICT_OBJC_MSGSEND = YES;
				ENABLE_USER_SCRIPT_SANDBOXING = YES;
				GCC_C_LANGUAGE_STANDARD = gnu17;
				GCC_NO_COMMON_BLOCKS = YES;
				GCC_WARN_64_TO_32_BIT_CONVERSION = YES;
				GCC_WARN_ABOUT_RETURN_TYPE = YES_ERROR;
				GCC_WARN_UNDECLARED_SELECTOR = YES;
				GCC_WARN_UNINITIALIZED_AUTOS = YES_AGGRESSIVE;
				GCC_WARN_UNUSED_FUNCTION = YES;
				GCC_WARN_UNUSED_VARIABLE = YES;
				IPHONEOS_DEPLOYMENT_TARGET = 18.1;
				LOCALIZATION_PREFERS_STRING_CATALOGS = YES;
				MTL_ENABLE_DEBUG_INFO = NO;
				MTL_FAST_MATH = YES;
				SDKROOT = iphoneos;
				SWIFT_COMPILATION_MODE = wholemodule;
				VALIDATE_PRODUCT = YES;
			};
			name = Release;
		};
		E6EA6BD32D9FDD93000BFA02 /* Debug */ = {
			isa = XCBuildConfiguration;
			buildSettings = {
				ASSETCATALOG_COMPILER_APPICON_NAME = AppIcon;
				ASSETCATALOG_COMPILER_GLOBAL_ACCENT_COLOR_NAME = AccentColor;
				CODE_SIGN_STYLE = Automatic;
				CURRENT_PROJECT_VERSION = 1;
				DEVELOPMENT_ASSET_PATHS = "\"MySwiftTestingProjectTwo/Preview Content\"";
				ENABLE_PREVIEWS = YES;
				GENERATE_INFOPLIST_FILE = YES;
				INFOPLIST_KEY_UIApplicationSceneManifest_Generation = YES;
				INFOPLIST_KEY_UIApplicationSupportsIndirectInputEvents = YES;
				INFOPLIST_KEY_UILaunchScreen_Generation = YES;
				INFOPLIST_KEY_UISupportedInterfaceOrientations_iPad = "UIInterfaceOrientationPortrait UIInterfaceOrientationPortraitUpsideDown UIInterfaceOrientationLandscapeLeft UIInterfaceOrientationLandscapeRight";
				INFOPLIST_KEY_UISupportedInterfaceOrientations_iPhone = "UIInterfaceOrientationPortrait UIInterfaceOrientationLandscapeLeft UIInterfaceOrientationLandscapeRight";
				LD_RUNPATH_SEARCH_PATHS = (
					"$(inherited)",
					"@executable_path/Frameworks",
				);
				MARKETING_VERSION = 1.0;
				PRODUCT_BUNDLE_IDENTIFIER = com.carrington.MySwiftTestingProjectTwo;
				PRODUCT_NAME = "$(TARGET_NAME)";
				SWIFT_EMIT_LOC_STRINGS = YES;
				SWIFT_VERSION = 5.0;
				TARGETED_DEVICE_FAMILY = "1,2";
			};
			name = Debug;
		};
		E6EA6BD42D9FDD93000BFA02 /* Release */ = {
			isa = XCBuildConfiguration;
			buildSettings = {
				ASSETCATALOG_COMPILER_APPICON_NAME = AppIcon;
				ASSETCATALOG_COMPILER_GLOBAL_ACCENT_COLOR_NAME = AccentColor;
				CODE_SIGN_STYLE = Automatic;
				CURRENT_PROJECT_VERSION = 1;
				DEVELOPMENT_ASSET_PATHS = "\"MySwiftTestingProjectTwo/Preview Content\"";
				ENABLE_PREVIEWS = YES;
				GENERATE_INFOPLIST_FILE = YES;
				INFOPLIST_KEY_UIApplicationSceneManifest_Generation = YES;
				INFOPLIST_KEY_UIApplicationSupportsIndirectInputEvents = YES;
				INFOPLIST_KEY_UILaunchScreen_Generation = YES;
				INFOPLIST_KEY_UISupportedInterfaceOrientations_iPad = "UIInterfaceOrientationPortrait UIInterfaceOrientationPortraitUpsideDown UIInterfaceOrientationLandscapeLeft UIInterfaceOrientationLandscapeRight";
				INFOPLIST_KEY_UISupportedInterfaceOrientations_iPhone = "UIInterfaceOrientationPortrait UIInterfaceOrientationLandscapeLeft UIInterfaceOrientationLandscapeRight";
				LD_RUNPATH_SEARCH_PATHS = (
					"$(inherited)",
					"@executable_path/Frameworks",
				);
				MARKETING_VERSION = 1.0;
				PRODUCT_BUNDLE_IDENTIFIER = com.carrington.MySwiftTestingProjectTwo;
				PRODUCT_NAME = "$(TARGET_NAME)";
				SWIFT_EMIT_LOC_STRINGS = YES;
				SWIFT_VERSION = 5.0;
				TARGETED_DEVICE_FAMILY = "1,2";
			};
			name = Release;
		};
		E6EA6BD62D9FDD93000BFA02 /* Debug */ = {
			isa = XCBuildConfiguration;
			buildSettings = {
				BUNDLE_LOADER = "$(TEST_HOST)";
				CODE_SIGN_STYLE = Automatic;
				CURRENT_PROJECT_VERSION = 1;
				GENERATE_INFOPLIST_FILE = YES;
				IPHONEOS_DEPLOYMENT_TARGET = 18.1;
				MARKETING_VERSION = 1.0;
				PRODUCT_BUNDLE_IDENTIFIER = com.carrington.MySwiftTestingProjectTwoTests;
				PRODUCT_NAME = "$(TARGET_NAME)";
				SWIFT_EMIT_LOC_STRINGS = NO;
				SWIFT_VERSION = 5.0;
				TARGETED_DEVICE_FAMILY = "1,2";
				TEST_HOST = "$(BUILT_PRODUCTS_DIR)/MySwiftTestingProjectTwo.app/$(BUNDLE_EXECUTABLE_FOLDER_PATH)/MySwiftTestingProjectTwo";
			};
			name = Debug;
		};
		E6EA6BD72D9FDD93000BFA02 /* Release */ = {
			isa = XCBuildConfiguration;
			buildSettings = {
				BUNDLE_LOADER = "$(TEST_HOST)";
				CODE_SIGN_STYLE = Automatic;
				CURRENT_PROJECT_VERSION = 1;
				GENERATE_INFOPLIST_FILE = YES;
				IPHONEOS_DEPLOYMENT_TARGET = 18.1;
				MARKETING_VERSION = 1.0;
				PRODUCT_BUNDLE_IDENTIFIER = com.carrington.MySwiftTestingProjectTwoTests;
				PRODUCT_NAME = "$(TARGET_NAME)";
				SWIFT_EMIT_LOC_STRINGS = NO;
				SWIFT_VERSION = 5.0;
				TARGETED_DEVICE_FAMILY = "1,2";
				TEST_HOST = "$(BUILT_PRODUCTS_DIR)/MySwiftTestingProjectTwo.app/$(BUNDLE_EXECUTABLE_FOLDER_PATH)/MySwiftTestingProjectTwo";
			};
			name = Release;
		};
		E6EA6BD92D9FDD93000BFA02 /* Debug */ = {
			isa = XCBuildConfiguration;
			buildSettings = {
				CODE_SIGN_STYLE = Automatic;
				CURRENT_PROJECT_VERSION = 1;
				GENERATE_INFOPLIST_FILE = YES;
				MARKETING_VERSION = 1.0;
				PRODUCT_BUNDLE_IDENTIFIER = com.carrington.MySwiftTestingProjectTwoUITests;
				PRODUCT_NAME = "$(TARGET_NAME)";
				SWIFT_EMIT_LOC_STRINGS = NO;
				SWIFT_VERSION = 5.0;
				TARGETED_DEVICE_FAMILY = "1,2";
				TEST_TARGET_NAME = MySwiftTestingProjectTwo;
			};
			name = Debug;
		};
		E6EA6BDA2D9FDD93000BFA02 /* Release */ = {
			isa = XCBuildConfiguration;
			buildSettings = {
				CODE_SIGN_STYLE = Automatic;
				CURRENT_PROJECT_VERSION = 1;
				GENERATE_INFOPLIST_FILE = YES;
				MARKETING_VERSION = 1.0;
				PRODUCT_BUNDLE_IDENTIFIER = com.carrington.MySwiftTestingProjectTwoUITests;
				PRODUCT_NAME = "$(TARGET_NAME)";
				SWIFT_EMIT_LOC_STRINGS = NO;
				SWIFT_VERSION = 5.0;
				TARGETED_DEVICE_FAMILY = "1,2";
				TEST_TARGET_NAME = MySwiftTestingProjectTwo;
			};
			name = Release;
		};
/* End XCBuildConfiguration section */

/* Begin XCConfigurationList section */
		E6EA6BA92D9FDD90000BFA02 /* Build configuration list for PBXProject "MySwiftTestingProjectTwo" */ = {
			isa = XCConfigurationList;
			buildConfigurations = (
				E6EA6BD02D9FDD93000BFA02 /* Debug */,
				E6EA6BD12D9FDD93000BFA02 /* Release */,
			);
			defaultConfigurationIsVisible = 0;
			defaultConfigurationName = Release;
		};
		E6EA6BD22D9FDD93000BFA02 /* Build configuration list for PBXNativeTarget "MySwiftTestingProjectTwo" */ = {
			isa = XCConfigurationList;
			buildConfigurations = (
				E6EA6BD32D9FDD93000BFA02 /* Debug */,
				E6EA6BD42D9FDD93000BFA02 /* Release */,
			);
			defaultConfigurationIsVisible = 0;
			defaultConfigurationName = Release;
		};
		E6EA6BD52D9FDD93000BFA02 /* Build configuration list for PBXNativeTarget "MySwiftTestingProjectTwoTests" */ = {
			isa = XCConfigurationList;
			buildConfigurations = (
				E6EA6BD62D9FDD93000BFA02 /* Debug */,
				E6EA6BD72D9FDD93000BFA02 /* Release */,
			);
			defaultConfigurationIsVisible = 0;
			defaultConfigurationName = Release;
		};
		E6EA6BD82D9FDD93000BFA02 /* Build configuration list for PBXNativeTarget "MySwiftTestingProjectTwoUITests" */ = {
			isa = XCConfigurationList;
			buildConfigurations = (
				E6EA6BD92D9FDD93000BFA02 /* Debug */,
				E6EA6BDA2D9FDD93000BFA02 /* Release */,
			);
			defaultConfigurationIsVisible = 0;
			defaultConfigurationName = Release;
		};
/* End XCConfigurationList section */
	};
	rootObject = E6EA6BA62D9FDD90000BFA02 /* Project object */;
}
